
Microsoft Visual Studio Solution File, Format Version 12.00
# Visual Studio 2012
Project("{FAE04EC0-301F-11D3-BF4B-00C04F79EFBC}") = "WorldView", "WorldView\WorldView.csproj", "{06F91C26-07B4-4D19-A8D5-06671D0367DD}"
EndProject
Global
	GlobalSection(SolutionConfigurationPlatforms) = preSolution
		Debug|Any CPU = Debug|Any CPU
		Release|Any CPU = Release|Any CPU
	EndGlobalSection
	GlobalSection(ProjectConfigurationPlatforms) = postSolution
		{06F91C26-07B4-4D19-A8D5-06671D0367DD}.Debug|Any CPU.ActiveCfg = Debug|Any CPU
		{06F91C26-07B4-4D19-A8D5-06671D0367DD}.Debug|Any CPU.Build.0 = Debug|Any CPU
		{06F91C26-07B4-4D19-A8D5-06671D0367DD}.Release|Any CPU.ActiveCfg = Release|Any CPU
		{06F91C26-07B4-4D19-A8D5-06671D0367DD}.Release|Any CPU.Build.0 = Release|Any CPU
	EndGlobalSection
	GlobalSection(MonoDevelopProperties) = preSolution
		StartupItem = WorldView\WorldView.csproj
	EndGlobalSection
EndGlobal
